
Microsoft Visual Studio Solution File, Format Version 12.00
# Visual Studio Version 17
VisualStudioVersion = 17.5.33424.131
MinimumVisualStudioVersion = 10.0.40219.1
Project("{FAE04EC0-301F-11D3-BF4B-00C04F79EFBC}") = "RestorantDeneme", "RestorantDeneme\RestorantDeneme.csproj", "{8175E8AA-E18E-4CCC-9BF9-E9B1B78C925B}"
EndProject
Global
	GlobalSection(SolutionConfigurationPlatforms) = preSolution
		Debug|Any CPU = Debug|Any CPU
		Release|Any CPU = Release|Any CPU
	EndGlobalSection
	GlobalSection(ProjectConfigurationPlatforms) = postSolution
		{8175E8AA-E18E-4CCC-9BF9-E9B1B78C925B}.Debug|Any CPU.ActiveCfg = Debug|Any CPU
		{8175E8AA-E18E-4CCC-9BF9-E9B1B78C925B}.Debug|Any CPU.Build.0 = Debug|Any CPU
		{8175E8AA-E18E-4CCC-9BF9-E9B1B78C925B}.Release|Any CPU.ActiveCfg = Release|Any CPU
		{8175E8AA-E18E-4CCC-9BF9-E9B1B78C925B}.Release|Any CPU.Build.0 = Release|Any CPU
	EndGlobalSection
	GlobalSection(SolutionProperties) = preSolution
		HideSolutionNode = FALSE
	EndGlobalSection
	GlobalSection(ExtensibilityGlobals) = postSolution
		SolutionGuid = {17B16F58-CE6E-4806-A4B4-818EA96F2621}
	EndGlobalSection
EndGlobal
